
Microsoft Visual Studio Solution File, Format Version 12.00
# Visual Studio Version 16
VisualStudioVersion = 16.0.30907.101
MinimumVisualStudioVersion = 10.0.40219.1
Project("{9A19103F-16F7-4668-BE54-9A1E7A4F7556}") = "CodeMaze.IdentityServer", "CodeMaze.IdentityServer\CodeMaze.IdentityServer.csproj", "{9F3A7C78-8F60-4B91-BF42-DFC9FCA47CA5}"
EndProject
Project("{9A19103F-16F7-4668-BE54-9A1E7A4F7556}") = "CodeMaze.Api", "CodeMaze.Api\CodeMaze.Api.csproj", "{B08A9C19-9686-48F1-93DC-8ECE165C86FC}"
EndProject
Global
	GlobalSection(SolutionConfigurationPlatforms) = preSolution
		Debug|Any CPU = Debug|Any CPU
		Release|Any CPU = Release|Any CPU
	EndGlobalSection
	GlobalSection(ProjectConfigurationPlatforms) = postSolution
		{9F3A7C78-8F60-4B91-BF42-DFC9FCA47CA5}.Debug|Any CPU.ActiveCfg = Debug|Any CPU
		{9F3A7C78-8F60-4B91-BF42-DFC9FCA47CA5}.Debug|Any CPU.Build.0 = Debug|Any CPU
		{9F3A7C78-8F60-4B91-BF42-DFC9FCA47CA5}.Release|Any CPU.ActiveCfg = Release|Any CPU
		{9F3A7C78-8F60-4B91-BF42-DFC9FCA47CA5}.Release|Any CPU.Build.0 = Release|Any CPU
		{B08A9C19-9686-48F1-93DC-8ECE165C86FC}.Debug|Any CPU.ActiveCfg = Debug|Any CPU
		{B08A9C19-9686-48F1-93DC-8ECE165C86FC}.Debug|Any CPU.Build.0 = Debug|Any CPU
		{B08A9C19-9686-48F1-93DC-8ECE165C86FC}.Release|Any CPU.ActiveCfg = Release|Any CPU
		{B08A9C19-9686-48F1-93DC-8ECE165C86FC}.Release|Any CPU.Build.0 = Release|Any CPU
	EndGlobalSection
	GlobalSection(SolutionProperties) = preSolution
		HideSolutionNode = FALSE
	EndGlobalSection
	GlobalSection(ExtensibilityGlobals) = postSolution
		SolutionGuid = {3CDA3C0A-8E88-45AC-83AC-0F17EDF90219}
	EndGlobalSection
EndGlobal
